
Microsoft Visual Studio Solution File, Format Version 12.00
# Visual Studio Version 17
VisualStudioVersion = 17.8.34309.116
MinimumVisualStudioVersion = 10.0.40219.1
Project("{FAE04EC0-301F-11D3-BF4B-00C04F79EFBC}") = "VendingMachineGameConsole", "VendingMachineGameConsole\VendingMachineGameConsole.csproj", "{4F6FE9D4-8487-458A-8BCD-704823B7EB89}"
EndProject
Project("{FAE04EC0-301F-11D3-BF4B-00C04F79EFBC}") = "VendingMachineLibrary", "VendingMachineLibrary\VendingMachineLibrary.csproj", "{0B5F520C-00B5-409C-9BB7-2D0A98BB8F61}"
EndProject
Global
	GlobalSection(SolutionConfigurationPlatforms) = preSolution
		Debug|Any CPU = Debug|Any CPU
		Release|Any CPU = Release|Any CPU
	EndGlobalSection
	GlobalSection(ProjectConfigurationPlatforms) = postSolution
		{4F6FE9D4-8487-458A-8BCD-704823B7EB89}.Debug|Any CPU.ActiveCfg = Debug|Any CPU
		{4F6FE9D4-8487-458A-8BCD-704823B7EB89}.Debug|Any CPU.Build.0 = Debug|Any CPU
		{4F6FE9D4-8487-458A-8BCD-704823B7EB89}.Release|Any CPU.ActiveCfg = Release|Any CPU
		{4F6FE9D4-8487-458A-8BCD-704823B7EB89}.Release|Any CPU.Build.0 = Release|Any CPU
		{0B5F520C-00B5-409C-9BB7-2D0A98BB8F61}.Debug|Any CPU.ActiveCfg = Debug|Any CPU
		{0B5F520C-00B5-409C-9BB7-2D0A98BB8F61}.Debug|Any CPU.Build.0 = Debug|Any CPU
		{0B5F520C-00B5-409C-9BB7-2D0A98BB8F61}.Release|Any CPU.ActiveCfg = Release|Any CPU
		{0B5F520C-00B5-409C-9BB7-2D0A98BB8F61}.Release|Any CPU.Build.0 = Release|Any CPU
	EndGlobalSection
	GlobalSection(SolutionProperties) = preSolution
		HideSolutionNode = FALSE
	EndGlobalSection
	GlobalSection(ExtensibilityGlobals) = postSolution
		SolutionGuid = {13188308-E890-46FA-8DFB-B31EDEA6544C}
	EndGlobalSection
EndGlobal
